{
  "nodes": {
    "base16-schemes": {
      "flake": false,
      "locked": {
        "lastModified": 1696158499,
        "narHash": "sha256-5yIHgDTPjoX/3oDEfLSQ0eJZdFL1SaCfb9d6M0RmOTM=",
        "owner": "tinted-theming",
        "repo": "base16-schemes",
        "rev": "a9112eaae86d9dd8ee6bb9445b664fba2f94037a",
        "type": "github"
      },
      "original": {
        "owner": "tinted-theming",
        "repo": "base16-schemes",
        "type": "github"
      }
    },
    "flake-compat": {
      "flake": false,
      "locked": {
        "lastModified": 1751685974,
        "narHash": "sha256-NKw96t+BgHIYzHUjkTK95FqYRVKB8DHpVhefWSz/kTw=",
        "ref": "refs/heads/main",
        "rev": "549f2762aebeff29a2e5ece7a7dc0f955281a1d1",
        "revCount": 92,
        "type": "git",
        "url": "https://git.lix.systems/lix-project/flake-compat.git"
      },
      "original": {
        "type": "git",
        "url": "https://git.lix.systems/lix-project/flake-compat.git"
      }
    },
    "flake-parts": {
      "inputs": {
        "nixpkgs-lib": [
          "nvf",
          "nixpkgs"
        ]
      },
      "locked": {
        "lastModified": 1754487366,
        "narHash": "sha256-pHYj8gUBapuUzKV/kN/tR3Zvqc7o6gdFB9XKXIp1SQ8=",
        "owner": "hercules-ci",
        "repo": "flake-parts",
        "rev": "af66ad14b28a127c5c0f3bbb298218fc63528a18",
        "type": "github"
      },
      "original": {
        "owner": "hercules-ci",
        "repo": "flake-parts",
        "type": "github"
      }
    },
    "home-manager": {
      "inputs": {
        "nixpkgs": [
          "nixpkgs"
        ]
      },
      "locked": {
        "lastModified": 1756579987,
        "narHash": "sha256-duCce8zGsaMsrqqOmLOsuaV1PVIw/vXWnKuLKZClsGg=",
        "owner": "nix-community",
        "repo": "home-manager",
        "rev": "99a69bdf8a3c6bf038c4121e9c4b6e99706a187a",
        "type": "github"
      },
      "original": {
        "owner": "nix-community",
        "repo": "home-manager",
        "type": "github"
      }
    },
    "mnw": {
      "locked": {
        "lastModified": 1756580127,
        "narHash": "sha256-XK+ZQWjnd96Uko73jY1dc23ksnuWnF/Myc4rT/LQOmc=",
        "owner": "Gerg-L",
        "repo": "mnw",
        "rev": "ecdb5ba1b08ac198d9e9bfbf9de3b234fb1eb252",
        "type": "github"
      },
      "original": {
        "owner": "Gerg-L",
        "repo": "mnw",
        "type": "github"
      }
    },
    "nix-colors": {
      "inputs": {
        "base16-schemes": "base16-schemes",
        "nixpkgs-lib": "nixpkgs-lib"
      },
      "locked": {
        "lastModified": 1707825078,
        "narHash": "sha256-hTfge2J2W+42SZ7VHXkf4kjU+qzFqPeC9k66jAUBMHk=",
        "owner": "misterio77",
        "repo": "nix-colors",
        "rev": "b01f024090d2c4fc3152cd0cf12027a7b8453ba1",
        "type": "github"
      },
      "original": {
        "owner": "misterio77",
        "repo": "nix-colors",
        "type": "github"
      }
    },
    "nixpkgs": {
      "locked": {
        "lastModified": 1756542300,
        "narHash": "sha256-tlOn88coG5fzdyqz6R93SQL5Gpq+m/DsWpekNFhqPQk=",
        "owner": "nixos",
        "repo": "nixpkgs",
        "rev": "d7600c775f877cd87b4f5a831c28aa94137377aa",
        "type": "github"
      },
      "original": {
        "owner": "nixos",
        "ref": "nixos-unstable",
        "repo": "nixpkgs",
        "type": "github"
      }
    },
    "nixpkgs-lib": {
      "locked": {
        "lastModified": 1697935651,
        "narHash": "sha256-qOfWjQ2JQSQL15KLh6D7xQhx0qgZlYZTYlcEiRuAMMw=",
        "owner": "nix-community",
        "repo": "nixpkgs.lib",
        "rev": "e1e11fdbb01113d85c7f41cada9d2847660e3902",
        "type": "github"
      },
      "original": {
        "owner": "nix-community",
        "repo": "nixpkgs.lib",
        "type": "github"
      }
    },
    "nvf": {
      "inputs": {
        "flake-compat": "flake-compat",
        "flake-parts": "flake-parts",
        "mnw": "mnw",
        "nixpkgs": [
          "nixpkgs"
        ],
        "systems": "systems"
      },
      "locked": {
        "lastModified": 1756658284,
        "narHash": "sha256-Zy31apX+zSGKCmi3jezaQvSvYuvj6u/2oCnl+loL83U=",
        "owner": "notashelf",
        "repo": "nvf",
        "rev": "aa5b1913e3c4015cf8829b721b32c042f08646fd",
        "type": "github"
      },
      "original": {
        "owner": "notashelf",
        "repo": "nvf",
        "type": "github"
      }
    },
    "root": {
      "inputs": {
        "home-manager": "home-manager",
        "nix-colors": "nix-colors",
        "nixpkgs": "nixpkgs",
        "nvf": "nvf"
      }
    },
    "systems": {
      "locked": {
        "lastModified": 1681028828,
        "narHash": "sha256-Vy1rq5AaRuLzOxct8nz4T6wlgyUR7zLU309k9mBC768=",
        "owner": "nix-systems",
        "repo": "default",
        "rev": "da67096a3b9bf56a91d16901293e51ba5b49a27e",
        "type": "github"
      },
      "original": {
        "owner": "nix-systems",
        "repo": "default",
        "type": "github"
      }
    }
  },
  "root": "root",
  "version": 7
}
